// !$*UTF8*$!
{
	archiveVersion = 1;
	classes = {
	};
	objectVersion = 56;
	objects = {

/* Begin PBXBuildFile section */
		FCFF3F522AD7FB7D00EF05BB /* AppDelegate.swift in Sources */ = {isa = PBXBuildFile; fileRef = FCFF3F512AD7FB7D00EF05BB /* AppDelegate.swift */; };
		FCFF3F542AD7FB7D00EF05BB /* SceneDelegate.swift in Sources */ = {isa = PBXBuildFile; fileRef = FCFF3F532AD7FB7D00EF05BB /* SceneDelegate.swift */; };
		FCFF3F562AD7FB7D00EF05BB /* ViewController.swift in Sources */ = {isa = PBXBuildFile; fileRef = FCFF3F552AD7FB7D00EF05BB /* ViewController.swift */; };
		FCFF3F592AD7FB7D00EF05BB /* Main.storyboard in Resources */ = {isa = PBXBuildFile; fileRef = FCFF3F572AD7FB7D00EF05BB /* Main.storyboard */; };
		FCFF3F5B2AD7FB7E00EF05BB /* Assets.xcassets in Resources */ = {isa = PBXBuildFile; fileRef = FCFF3F5A2AD7FB7E00EF05BB /* Assets.xcassets */; };
		FCFF3F5E2AD7FB7E00EF05BB /* LaunchScreen.storyboard in Resources */ = {isa = PBXBuildFile; fileRef = FCFF3F5C2AD7FB7E00EF05BB /* LaunchScreen.storyboard */; };
/* End PBXBuildFile section */

/* Begin PBXFileReference section */
		FCFF3F4E2AD7FB7D00EF05BB /* TableCollectionProgrammatic.app */ = {isa = PBXFileReference; explicitFileType = wrapper.application; includeInIndex = 0; path = TableCollectionProgrammatic.app; sourceTree = BUILT_PRODUCTS_DIR; };
		FCFF3F512AD7FB7D00EF05BB /* AppDelegate.swift */ = {isa = PBXFileReference; lastKnownFileType = sourcecode.swift; path = AppDelegate.swift; sourceTree = "<group>"; };
		FCFF3F532AD7FB7D00EF05BB /* SceneDelegate.swift */ = {isa = PBXFileReference; lastKnownFileType = sourcecode.swift; path = SceneDelegate.swift; sourceTree = "<group>"; };
		FCFF3F552AD7FB7D00EF05BB /* ViewController.swift */ = {isa = PBXFileReference; lastKnownFileType = sourcecode.swift; path = ViewController.swift; sourceTree = "<group>"; };
		FCFF3F582AD7FB7D00EF05BB /* Base */ = {isa = PBXFileReference; lastKnownFileType = file.storyboard; name = Base; path = Base.lproj/Main.storyboard; sourceTree = "<group>"; };
		FCFF3F5A2AD7FB7E00EF05BB /* Assets.xcassets */ = {isa = PBXFileReference; lastKnownFileType = folder.assetcatalog; path = Assets.xcassets; sourceTree = "<group>"; };
		FCFF3F5D2AD7FB7E00EF05BB /* Base */ = {isa = PBXFileReference; lastKnownFileType = file.storyboard; name = Base; path = Base.lproj/LaunchScreen.storyboard; sourceTree = "<group>"; };
		FCFF3F5F2AD7FB7E00EF05BB /* Info.plist */ = {isa = PBXFileReference; lastKnownFileType = text.plist.xml; path = Info.plist; sourceTree = "<group>"; };
/* End PBXFileReference section */

/* Begin PBXFrameworksBuildPhase section */
		FCFF3F4B2AD7FB7D00EF05BB /* Frameworks */ = {
			isa = PBXFrameworksBuildPhase;
			buildActionMask = 2147483647;
			files = (
			);
			runOnlyForDeploymentPostprocessing = 0;
		};
/* End PBXFrameworksBuildPhase section */

/* Begin PBXGroup section */
		FCFF3F452AD7FB7D00EF05BB = {
			isa = PBXGroup;
			children = (
				FCFF3F502AD7FB7D00EF05BB /* TableCollectionProgrammatic */,
				FCFF3F4F2AD7FB7D00EF05BB /* Products */,
			);
			sourceTree = "<group>";
		};
		FCFF3F4F2AD7FB7D00EF05BB /* Products */ = {
			isa = PBXGroup;
			children = (
				FCFF3F4E2AD7FB7D00EF05BB /* TableCollectionProgrammatic.app */,
			);
			name = Products;
			sourceTree = "<group>";
		};
		FCFF3F502AD7FB7D00EF05BB /* TableCollectionProgrammatic */ = {
			isa = PBXGroup;
			children = (
				FCFF3F512AD7FB7D00EF05BB /* AppDelegate.swift */,
				FCFF3F532AD7FB7D00EF05BB /* SceneDelegate.swift */,
				FCFF3F552AD7FB7D00EF05BB /* ViewController.swift */,
				FCFF3F572AD7FB7D00EF05BB /* Main.storyboard */,
				FCFF3F5A2AD7FB7E00EF05BB /* Assets.xcassets */,
				FCFF3F5C2AD7FB7E00EF05BB /* LaunchScreen.storyboard */,
				FCFF3F5F2AD7FB7E00EF05BB /* Info.plist */,
			);
			path = TableCollectionProgrammatic;
			sourceTree = "<group>";
		};
/* End PBXGroup section */

/* Begin PBXNativeTarget section */
		FCFF3F4D2AD7FB7D00EF05BB /* TableCollectionProgrammatic */ = {
			isa = PBXNativeTarget;
			buildConfigurationList = FCFF3F622AD7FB7E00EF05BB /* Build configuration list for PBXNativeTarget "TableCollectionProgrammatic" */;
			buildPhases = (
				FCFF3F4A2AD7FB7D00EF05BB /* Sources */,
				FCFF3F4B2AD7FB7D00EF05BB /* Frameworks */,
				FCFF3F4C2AD7FB7D00EF05BB /* Resources */,
			);
			buildRules = (
			);
			dependencies = (
			);
			name = TableCollectionProgrammatic;
			productName = TableCollectionProgrammatic;
			productReference = FCFF3F4E2AD7FB7D00EF05BB /* TableCollectionProgrammatic.app */;
			productType = "com.apple.product-type.application";
		};
/* End PBXNativeTarget section */

/* Begin PBXProject section */
		FCFF3F462AD7FB7D00EF05BB /* Project object */ = {
			isa = PBXProject;
			attributes = {
				BuildIndependentTargetsInParallel = 1;
				LastSwiftUpdateCheck = 1500;
				LastUpgradeCheck = 1500;
				TargetAttributes = {
					FCFF3F4D2AD7FB7D00EF05BB = {
						CreatedOnToolsVersion = 15.0;
					};
				};
			};
			buildConfigurationList = FCFF3F492AD7FB7D00EF05BB /* Build configuration list for PBXProject "TableCollectionProgrammatic" */;
			compatibilityVersion = "Xcode 14.0";
			developmentRegion = en;
			hasScannedForEncodings = 0;
			knownRegions = (
				en,
				Base,
			);
			mainGroup = FCFF3F452AD7FB7D00EF05BB;
			productRefGroup = FCFF3F4F2AD7FB7D00EF05BB /* Products */;
			projectDirPath = "";
			projectRoot = "";
			targets = (
				FCFF3F4D2AD7FB7D00EF05BB /* TableCollectionProgrammatic */,
			);
		};
/* End PBXProject section */

/* Begin PBXResourcesBuildPhase section */
		FCFF3F4C2AD7FB7D00EF05BB /* Resources */ = {
			isa = PBXResourcesBuildPhase;
			buildActionMask = 2147483647;
			files = (
				FCFF3F5E2AD7FB7E00EF05BB /* LaunchScreen.storyboard in Resources */,
				FCFF3F5B2AD7FB7E00EF05BB /* Assets.xcassets in Resources */,
				FCFF3F592AD7FB7D00EF05BB /* Main.storyboard in Resources */,
			);
			runOnlyForDeploymentPostprocessing = 0;
		};
/* End PBXResourcesBuildPhase section */

/* Begin PBXSourcesBuildPhase section */
		FCFF3F4A2AD7FB7D00EF05BB /* Sources */ = {
			isa = PBXSourcesBuildPhase;
			buildActionMask = 2147483647;
			files = (
				FCFF3F562AD7FB7D00EF05BB /* ViewController.swift in Sources */,
				FCFF3F522AD7FB7D00EF05BB /* AppDelegate.swift in Sources */,
				FCFF3F542AD7FB7D00EF05BB /* SceneDelegate.swift in Sources */,
			);
			runOnlyForDeploymentPostprocessing = 0;
		};
/* End PBXSourcesBuildPhase section */

/* Begin PBXVariantGroup section */
		FCFF3F572AD7FB7D00EF05BB /* Main.storyboard */ = {
			isa = PBXVariantGroup;
			children = (
				FCFF3F582AD7FB7D00EF05BB /* Base */,
			);
			name = Main.storyboard;
			sourceTree = "<group>";
		};
		FCFF3F5C2AD7FB7E00EF05BB /* LaunchScreen.storyboard */ = {
			isa = PBXVariantGroup;
			children = (
				FCFF3F5D2AD7FB7E00EF05BB /* Base */,
			);
			name = LaunchScreen.storyboard;
			sourceTree = "<group>";
		};
/* End PBXVariantGroup section */

/* Begin XCBuildConfiguration section */
		FCFF3F602AD7FB7E00EF05BB /* Debug */ = {
			isa = XCBuildConfiguration;
			buildSettings = {
				ALWAYS_SEARCH_USER_PATHS = NO;
				ASSETCATALOG_COMPILER_GENERATE_SWIFT_ASSET_SYMBOL_EXTENSIONS = YES;
				CLANG_ANALYZER_NONNULL = YES;
				CLANG_ANALYZER_NUMBER_OBJECT_CONVERSION = YES_AGGRESSIVE;
				CLANG_CXX_LANGUAGE_STANDARD = "gnu++20";
				CLANG_ENABLE_MODULES = YES;
				CLANG_ENABLE_OBJC_ARC = YES;
				CLANG_ENABLE_OBJC_WEAK = YES;
				CLANG_WARN_BLOCK_CAPTURE_AUTORELEASING = YES;
				CLANG_WARN_BOOL_CONVERSION = YES;
				CLANG_WARN_COMMA = YES;
				CLANG_WARN_CONSTANT_CONVERSION = YES;
				CLANG_WARN_DEPRECATED_OBJC_IMPLEMENTATIONS = YES;
				CLANG_WARN_DIRECT_OBJC_ISA_USAGE = YES_ERROR;
				CLANG_WARN_DOCUMENTATION_COMMENTS = YES;
				CLANG_WARN_EMPTY_BODY = YES;
				CLANG_WARN_ENUM_CONVERSION = YES;
				CLANG_WARN_INFINITE_RECURSION = YES;
				CLANG_WARN_INT_CONVERSION = YES;
				CLANG_WARN_NON_LITERAL_NULL_CONVERSION = YES;
				CLANG_WARN_OBJC_IMPLICIT_RETAIN_SELF = YES;
				CLANG_WARN_OBJC_LITERAL_CONVERSION = YES;
				CLANG_WARN_OBJC_ROOT_CLASS = YES_ERROR;
				CLANG_WARN_QUOTED_INCLUDE_IN_FRAMEWORK_HEADER = YES;
				CLANG_WARN_RANGE_LOOP_ANALYSIS = YES;
				CLANG_WARN_STRICT_PROTOTYPES = YES;
				CLANG_WARN_SUSPICIOUS_MOVE = YES;
				CLANG_WARN_UNGUARDED_AVAILABILITY = YES_AGGRESSIVE;
				CLANG_WARN_UNREACHABLE_CODE = YES;
				CLANG_WARN__DUPLICATE_METHOD_MATCH = YES;
				COPY_PHASE_STRIP = NO;
				DEBUG_INFORMATION_FORMAT = dwarf;
				ENABLE_STRICT_OBJC_MSGSEND = YES;
				ENABLE_TESTABILITY = YES;
				ENABLE_USER_SCRIPT_SANDBOXING = YES;
				GCC_C_LANGUAGE_STANDARD = gnu17;
				GCC_DYNAMIC_NO_PIC = NO;
				GCC_NO_COMMON_BLOCKS = YES;
				GCC_OPTIMIZATION_LEVEL = 0;
				GCC_PREPROCESSOR_DEFINITIONS = (
					"DEBUG=1",
					"$(inherited)",
				);
				GCC_WARN_64_TO_32_BIT_CONVERSION = YES;
				GCC_WARN_ABOUT_RETURN_TYPE = YES_ERROR;
				GCC_WARN_UNDECLARED_SELECTOR = YES;
				GCC_WARN_UNINITIALIZED_AUTOS = YES_AGGRESSIVE;
				GCC_WARN_UNUSED_FUNCTION = YES;
				GCC_WARN_UNUSED_VARIABLE = YES;
				IPHONEOS_DEPLOYMENT_TARGET = 17.0;
				LOCALIZATION_PREFERS_STRING_CATALOGS = YES;
				MTL_ENABLE_DEBUG_INFO = INCLUDE_SOURCE;
				MTL_FAST_MATH = YES;
				ONLY_ACTIVE_ARCH = YES;
				SDKROOT = iphoneos;
				SWIFT_ACTIVE_COMPILATION_CONDITIONS = "DEBUG $(inherited)";
				SWIFT_OPTIMIZATION_LEVEL = "-Onone";
			};
			name = Debug;
		};
		FCFF3F612AD7FB7E00EF05BB /* Release */ = {
			isa = XCBuildConfiguration;
			buildSettings = {
				ALWAYS_SEARCH_USER_PATHS = NO;
				ASSETCATALOG_COMPILER_GENERATE_SWIFT_ASSET_SYMBOL_EXTENSIONS = YES;
				CLANG_ANALYZER_NONNULL = YES;
				CLANG_ANALYZER_NUMBER_OBJECT_CONVERSION = YES_AGGRESSIVE;
				CLANG_CXX_LANGUAGE_STANDARD = "gnu++20";
				CLANG_ENABLE_MODULES = YES;
				CLANG_ENABLE_OBJC_ARC = YES;
				CLANG_ENABLE_OBJC_WEAK = YES;
				CLANG_WARN_BLOCK_CAPTURE_AUTORELEASING = YES;
				CLANG_WARN_BOOL_CONVERSION = YES;
				CLANG_WARN_COMMA = YES;
				CLANG_WARN_CONSTANT_CONVERSION = YES;
				CLANG_WARN_DEPRECATED_OBJC_IMPLEMENTATIONS = YES;
				CLANG_WARN_DIRECT_OBJC_ISA_USAGE = YES_ERROR;
				CLANG_WARN_DOCUMENTATION_COMMENTS = YES;
				CLANG_WARN_EMPTY_BODY = YES;
				CLANG_WARN_ENUM_CONVERSION = YES;
				CLANG_WARN_INFINITE_RECURSION = YES;
				CLANG_WARN_INT_CONVERSION = YES;
				CLANG_WARN_NON_LITERAL_NULL_CONVERSION = YES;
				CLANG_WARN_OBJC_IMPLICIT_RETAIN_SELF = YES;
				CLANG_WARN_OBJC_LITERAL_CONVERSION = YES;
				CLANG_WARN_OBJC_ROOT_CLASS = YES_ERROR;
				CLANG_WARN_QUOTED_INCLUDE_IN_FRAMEWORK_HEADER = YES;
				CLANG_WARN_RANGE_LOOP_ANALYSIS = YES;
				CLANG_WARN_STRICT_PROTOTYPES = YES;
				CLANG_WARN_SUSPICIOUS_MOVE = YES;
				CLANG_WARN_UNGUARDED_AVAILABILITY = YES_AGGRESSIVE;
				CLANG_WARN_UNREACHABLE_CODE = YES;
				CLANG_WARN__DUPLICATE_METHOD_MATCH = YES;
				COPY_PHASE_STRIP = NO;
				DEBUG_INFORMATION_FORMAT = "dwarf-with-dsym";
				ENABLE_NS_ASSERTIONS = NO;
				ENABLE_STRICT_OBJC_MSGSEND = YES;
				ENABLE_USER_SCRIPT_SANDBOXING = YES;
				GCC_C_LANGUAGE_STANDARD = gnu17;
				GCC_NO_COMMON_BLOCKS = YES;
				GCC_WARN_64_TO_32_BIT_CONVERSION = YES;
				GCC_WARN_ABOUT_RETURN_TYPE = YES_ERROR;
				GCC_WARN_UNDECLARED_SELECTOR = YES;
				GCC_WARN_UNINITIALIZED_AUTOS = YES_AGGRESSIVE;
				GCC_WARN_UNUSED_FUNCTION = YES;
				GCC_WARN_UNUSED_VARIABLE = YES;
				IPHONEOS_DEPLOYMENT_TARGET = 17.0;
				LOCALIZATION_PREFERS_STRING_CATALOGS = YES;
				MTL_ENABLE_DEBUG_INFO = NO;
				MTL_FAST_MATH = YES;
				SDKROOT = iphoneos;
				SWIFT_COMPILATION_MODE = wholemodule;
				VALIDATE_PRODUCT = YES;
			};
			name = Release;
		};
		FCFF3F632AD7FB7E00EF05BB /* Debug */ = {
			isa = XCBuildConfiguration;
			buildSettings = {
				ASSETCATALOG_COMPILER_APPICON_NAME = AppIcon;
				ASSETCATALOG_COMPILER_GLOBAL_ACCENT_COLOR_NAME = AccentColor;
				CODE_SIGN_STYLE = Automatic;
				CURRENT_PROJECT_VERSION = 1;
				DEVELOPMENT_TEAM = 7SH627DBA4;
				GENERATE_INFOPLIST_FILE = YES;
				INFOPLIST_FILE = TableCollectionProgrammatic/Info.plist;
				INFOPLIST_KEY_UIApplicationSupportsIndirectInputEvents = YES;
				INFOPLIST_KEY_UILaunchStoryboardName = LaunchScreen;
				INFOPLIST_KEY_UIMainStoryboardFile = Main;
				INFOPLIST_KEY_UISupportedInterfaceOrientations_iPad = "UIInterfaceOrientationPortrait UIInterfaceOrientationPortraitUpsideDown UIInterfaceOrientationLandscapeLeft UIInterfaceOrientationLandscapeRight";
				INFOPLIST_KEY_UISupportedInterfaceOrientations_iPhone = "UIInterfaceOrientationPortrait UIInterfaceOrientationLandscapeLeft UIInterfaceOrientationLandscapeRight";
				LD_RUNPATH_SEARCH_PATHS = (
					"$(inherited)",
					"@executable_path/Frameworks",
				);
				MARKETING_VERSION = 1.0;
				PRODUCT_BUNDLE_IDENTIFIER = com.atilsamancioglu.TableCollectionProgrammatic;
				PRODUCT_NAME = "$(TARGET_NAME)";
				SWIFT_EMIT_LOC_STRINGS = YES;
				SWIFT_VERSION = 5.0;
				TARGETED_DEVICE_FAMILY = "1,2";
			};
			name = Debug;
		};
		FCFF3F642AD7FB7E00EF05BB /* Release */ = {
			isa = XCBuildConfiguration;
			buildSettings = {
				ASSETCATALOG_COMPILER_APPICON_NAME = AppIcon;
				ASSETCATALOG_COMPILER_GLOBAL_ACCENT_COLOR_NAME = AccentColor;
				CODE_SIGN_STYLE = Automatic;
				CURRENT_PROJECT_VERSION = 1;
				DEVELOPMENT_TEAM = 7SH627DBA4;
				GENERATE_INFOPLIST_FILE = YES;
				INFOPLIST_FILE = TableCollectionProgrammatic/Info.plist;
				INFOPLIST_KEY_UIApplicationSupportsIndirectInputEvents = YES;
				INFOPLIST_KEY_UILaunchStoryboardName = LaunchScreen;
				INFOPLIST_KEY_UIMainStoryboardFile = Main;
				INFOPLIST_KEY_UISupportedInterfaceOrientations_iPad = "UIInterfaceOrientationPortrait UIInterfaceOrientationPortraitUpsideDown UIInterfaceOrientationLandscapeLeft UIInterfaceOrientationLandscapeRight";
				INFOPLIST_KEY_UISupportedInterfaceOrientations_iPhone = "UIInterfaceOrientationPortrait UIInterfaceOrientationLandscapeLeft UIInterfaceOrientationLandscapeRight";
				LD_RUNPATH_SEARCH_PATHS = (
					"$(inherited)",
					"@executable_path/Frameworks",
				);
				MARKETING_VERSION = 1.0;
				PRODUCT_BUNDLE_IDENTIFIER = com.atilsamancioglu.TableCollectionProgrammatic;
				PRODUCT_NAME = "$(TARGET_NAME)";
				SWIFT_EMIT_LOC_STRINGS = YES;
				SWIFT_VERSION = 5.0;
				TARGETED_DEVICE_FAMILY = "1,2";
			};
			name = Release;
		};
/* End XCBuildConfiguration section */

/* Begin XCConfigurationList section */
		FCFF3F492AD7FB7D00EF05BB /* Build configuration list for PBXProject "TableCollectionProgrammatic" */ = {
			isa = XCConfigurationList;
			buildConfigurations = (
				FCFF3F602AD7FB7E00EF05BB /* Debug */,
				FCFF3F612AD7FB7E00EF05BB /* Release */,
			);
			defaultConfigurationIsVisible = 0;
			defaultConfigurationName = Release;
		};
		FCFF3F622AD7FB7E00EF05BB /* Build configuration list for PBXNativeTarget "TableCollectionProgrammatic" */ = {
			isa = XCConfigurationList;
			buildConfigurations = (
				FCFF3F632AD7FB7E00EF05BB /* Debug */,
				FCFF3F642AD7FB7E00EF05BB /* Release */,
			);
			defaultConfigurationIsVisible = 0;
			defaultConfigurationName = Release;
		};
/* End XCConfigurationList section */
	};
	rootObject = FCFF3F462AD7FB7D00EF05BB /* Project object */;
}
